
Microsoft Visual Studio Solution File, Format Version 12.00
# Visual Studio Version 17
VisualStudioVersion = 17.1.32210.238
MinimumVisualStudioVersion = 10.0.40219.1
Project("{FAE04EC0-301F-11D3-BF4B-00C04F79EFBC}") = "WebApplication3", "WebApplication3\WebApplication3.csproj", "{067DA91E-D525-4FC8-B2B0-6D70624C1C5E}"
EndProject
Global
	GlobalSection(SolutionConfigurationPlatforms) = preSolution
		Debug|Any CPU = Debug|Any CPU
		Release|Any CPU = Release|Any CPU
	EndGlobalSection
	GlobalSection(ProjectConfigurationPlatforms) = postSolution
		{067DA91E-D525-4FC8-B2B0-6D70624C1C5E}.Debug|Any CPU.ActiveCfg = Debug|Any CPU
		{067DA91E-D525-4FC8-B2B0-6D70624C1C5E}.Debug|Any CPU.Build.0 = Debug|Any CPU
		{067DA91E-D525-4FC8-B2B0-6D70624C1C5E}.Release|Any CPU.ActiveCfg = Release|Any CPU
		{067DA91E-D525-4FC8-B2B0-6D70624C1C5E}.Release|Any CPU.Build.0 = Release|Any CPU
	EndGlobalSection
	GlobalSection(SolutionProperties) = preSolution
		HideSolutionNode = FALSE
	EndGlobalSection
	GlobalSection(ExtensibilityGlobals) = postSolution
		SolutionGuid = {CD4738CA-8E83-4EEE-8BB6-3154CC7AA663}
	EndGlobalSection
EndGlobal
